
Microsoft Visual Studio Solution File, Format Version 12.00
# Visual Studio Version 16
VisualStudioVersion = 16.0.31205.134
MinimumVisualStudioVersion = 10.0.40219.1
Project("{FAE04EC0-301F-11D3-BF4B-00C04F79EFBC}") = "Energetic", "Energetic\Energetic.csproj", "{B332ADDC-387A-48AF-8DB4-5FF02049D359}"
EndProject
Project("{FAE04EC0-301F-11D3-BF4B-00C04F79EFBC}") = "Energetic.Models", "Energetic.Models\Energetic.Models.csproj", "{893E9E65-5DA9-45B2-97F8-73A97B519C19}"
EndProject
Project("{FAE04EC0-301F-11D3-BF4B-00C04F79EFBC}") = "Energetic.Repository", "Energetic.Repository\Energetic.Repository.csproj", "{3F729D3C-BB9F-4864-BF89-5F3009112F83}"
EndProject
Project("{FAE04EC0-301F-11D3-BF4B-00C04F79EFBC}") = "Energetic.SqlEntities", "Energetic.SqlEntities\Energetic.SqlEntities.csproj", "{AC20CBA6-0573-4306-84CF-E37CE9D17501}"
EndProject
Project("{FAE04EC0-301F-11D3-BF4B-00C04F79EFBC}") = "Energetic.Domain", "Energetic.Domain\Energetic.Domain.csproj", "{0C6E1B42-0F42-4613-BE7C-9BEE9A0A2258}"
EndProject
Global
	GlobalSection(SolutionConfigurationPlatforms) = preSolution
		Debug|Any CPU = Debug|Any CPU
		Release|Any CPU = Release|Any CPU
	EndGlobalSection
	GlobalSection(ProjectConfigurationPlatforms) = postSolution
		{B332ADDC-387A-48AF-8DB4-5FF02049D359}.Debug|Any CPU.ActiveCfg = Debug|Any CPU
		{B332ADDC-387A-48AF-8DB4-5FF02049D359}.Debug|Any CPU.Build.0 = Debug|Any CPU
		{B332ADDC-387A-48AF-8DB4-5FF02049D359}.Release|Any CPU.ActiveCfg = Release|Any CPU
		{B332ADDC-387A-48AF-8DB4-5FF02049D359}.Release|Any CPU.Build.0 = Release|Any CPU
		{893E9E65-5DA9-45B2-97F8-73A97B519C19}.Debug|Any CPU.ActiveCfg = Debug|Any CPU
		{893E9E65-5DA9-45B2-97F8-73A97B519C19}.Debug|Any CPU.Build.0 = Debug|Any CPU
		{893E9E65-5DA9-45B2-97F8-73A97B519C19}.Release|Any CPU.ActiveCfg = Release|Any CPU
		{893E9E65-5DA9-45B2-97F8-73A97B519C19}.Release|Any CPU.Build.0 = Release|Any CPU
		{3F729D3C-BB9F-4864-BF89-5F3009112F83}.Debug|Any CPU.ActiveCfg = Debug|Any CPU
		{3F729D3C-BB9F-4864-BF89-5F3009112F83}.Debug|Any CPU.Build.0 = Debug|Any CPU
		{3F729D3C-BB9F-4864-BF89-5F3009112F83}.Release|Any CPU.ActiveCfg = Release|Any CPU
		{3F729D3C-BB9F-4864-BF89-5F3009112F83}.Release|Any CPU.Build.0 = Release|Any CPU
		{AC20CBA6-0573-4306-84CF-E37CE9D17501}.Debug|Any CPU.ActiveCfg = Debug|Any CPU
		{AC20CBA6-0573-4306-84CF-E37CE9D17501}.Debug|Any CPU.Build.0 = Debug|Any CPU
		{AC20CBA6-0573-4306-84CF-E37CE9D17501}.Release|Any CPU.ActiveCfg = Release|Any CPU
		{AC20CBA6-0573-4306-84CF-E37CE9D17501}.Release|Any CPU.Build.0 = Release|Any CPU
		{0C6E1B42-0F42-4613-BE7C-9BEE9A0A2258}.Debug|Any CPU.ActiveCfg = Debug|Any CPU
		{0C6E1B42-0F42-4613-BE7C-9BEE9A0A2258}.Debug|Any CPU.Build.0 = Debug|Any CPU
		{0C6E1B42-0F42-4613-BE7C-9BEE9A0A2258}.Release|Any CPU.ActiveCfg = Release|Any CPU
		{0C6E1B42-0F42-4613-BE7C-9BEE9A0A2258}.Release|Any CPU.Build.0 = Release|Any CPU
	EndGlobalSection
	GlobalSection(SolutionProperties) = preSolution
		HideSolutionNode = FALSE
	EndGlobalSection
	GlobalSection(ExtensibilityGlobals) = postSolution
		SolutionGuid = {CE9181C4-D135-4CA1-84AB-527804346E2D}
	EndGlobalSection
EndGlobal
